<?xml version="1.0" encoding="UTF-8" standalone="yes" ?>
<CodeBlocks_project_file>
	<FileVersion major="1" minor="6" />
	<Project>
		<Option title="KrampusHack2022" />
		<Option pch_mode="2" />
		<Option compiler="gcc" />
		<Build>
			<Target title="Debug">
				<Option output="KH22D" prefix_auto="1" extension_auto="1" />
				<Option working_dir="./" />
				<Option object_output="obj/Debug/" />
				<Option type="1" />
				<Option compiler="gcc" />
				<Compiler>
					<Add option="-g" />
					<Add option="-DDEBUG" />
				</Compiler>
				<Linker>
					<Add option="-lEagleA5DebugShared.dll" />
					<Add option="-lEagleDebugShared.dll" />
					<Add option="-lallegro_monolith-debug.dll" />
				</Linker>
			</Target>
			<Target title="Release">
				<Option output="KH22" prefix_auto="1" extension_auto="1" />
				<Option working_dir="./" />
				<Option object_output="obj/Release/" />
				<Option type="1" />
				<Option compiler="gcc" />
				<Compiler>
					<Add option="-O2" />
				</Compiler>
				<Linker>
					<Add option="-lEagleA5.dll" />
					<Add option="-lEagle.dll" />
					<Add option="-lallegro_monolith.dll" />
				</Linker>
			</Target>
			<Target title="StaticDebug">
				<Option output="KH22DS" prefix_auto="1" extension_auto="1" />
				<Option working_dir="./" />
				<Option object_output="obj/Debug/" />
				<Option type="1" />
				<Option compiler="gcc" />
				<Compiler>
					<Add option="-g" />
					<Add option="-DDEBUG" />
				</Compiler>
				<Linker>
					<Add option="-lEagleA5Debug" />
					<Add option="-lEagleDebug" />
					<Add option="-lallegro_monolith-static" />
					<Add option="-ldumb" />
					<Add option="-lphysfs" />
					<Add option="-lOpenAL32" />
					<Add option="-lwebp" />
					<Add option="-lFLAC" />
					<Add option="-lvorbisfile" />
					<Add option="-lvorbis" />
					<Add option="-lfreetype" />
					<Add option="-logg" />
					<Add option="-lpng16" />
					<Add option="-lzlibstatic" />
					<Add option="-lgdiplus" />
					<Add option="-luuid" />
					<Add option="-lkernel32" />
					<Add option="-lwinmm" />
					<Add option="-lpsapi" />
					<Add option="-lopengl32" />
					<Add option="-lglu32" />
					<Add option="-luser32" />
					<Add option="-lcomdlg32" />
					<Add option="-lgdi32" />
					<Add option="-lshell32" />
					<Add option="-lole32" />
					<Add option="-ladvapi32" />
					<Add option="-lws2_32" />
					<Add option="-lshlwapi" />
					<Add option="-lpthread" />
					<Add option="-static-libstdc++" />
					<Add option="-static-libgcc" />
				</Linker>
			</Target>
			<Target title="StaticRelease">
				<Option output="KH22S" prefix_auto="1" extension_auto="1" />
				<Option working_dir="./" />
				<Option object_output="obj/Release/" />
				<Option type="1" />
				<Option compiler="gcc" />
				<Compiler>
					<Add option="-O2" />
				</Compiler>
				<Linker>
					<Add option="-lEagleA5" />
					<Add option="-lEagle" />
					<Add option="-lallegro_monolith-static" />
					<Add option="-ldumb" />
					<Add option="-lphysfs" />
					<Add option="-lOpenAL32" />
					<Add option="-lwebp" />
					<Add option="-lFLAC" />
					<Add option="-lvorbisfile" />
					<Add option="-lvorbis" />
					<Add option="-lfreetype" />
					<Add option="-logg" />
					<Add option="-lpng16" />
					<Add option="-lzlibstatic" />
					<Add option="-lgdiplus" />
					<Add option="-luuid" />
					<Add option="-lkernel32" />
					<Add option="-lwinmm" />
					<Add option="-lpsapi" />
					<Add option="-lopengl32" />
					<Add option="-lglu32" />
					<Add option="-luser32" />
					<Add option="-lcomdlg32" />
					<Add option="-lgdi32" />
					<Add option="-lshell32" />
					<Add option="-lole32" />
					<Add option="-ladvapi32" />
					<Add option="-lws2_32" />
					<Add option="-lshlwapi" />
					<Add option="-lpthread" />
					<Add option="-static-libstdc++" />
					<Add option="-static-libgcc" />
					<Add option="-s" />
				</Linker>
			</Target>
		</Build>
		<VirtualTargets>
			<Add alias="All" targets="Debug;Release;StaticDebug;StaticRelease;" />
			<Add alias="Dynamic" targets="Debug;Release;" />
			<Add alias="Static" targets="StaticDebug;StaticRelease;" />
		</VirtualTargets>
		<Compiler>
			<Add option="-Wall" />
			<Add option="-DEAGLE_LOG" />
			<Add option="-DEAGLE_ASSERT_EXCEPTION" />
			<Add option="-DDEBUG" />
			<Add directory="E:/usr64/include" />
		</Compiler>
		<Linker>
			<Add directory="E:/usr64/lib" />
		</Linker>
		<Unit filename="Abilities.cpp" />
		<Unit filename="Abilities.hpp" />
		<Unit filename="Animation.cpp" />
		<Unit filename="Animation.hpp" />
		<Unit filename="Cats.cpp" />
		<Unit filename="Cats.hpp" />
		<Unit filename="CollisionMap.cpp" />
		<Unit filename="CollisionMap.hpp" />
		<Unit filename="Credits.txt" />
		<Unit filename="Data/Images/Rooms/Rooms.cfg" />
		<Unit filename="GameScene.cpp" />
		<Unit filename="GameScene.hpp" />
		<Unit filename="GlobalAnimations.cpp" />
		<Unit filename="GlobalAnimations.hpp" />
		<Unit filename="IntroScene.cpp" />
		<Unit filename="IntroScene.hpp" />
		<Unit filename="KH22Main.cpp" />
		<Unit filename="Krampus22.hpp" />
		<Unit filename="LICENSE" />
		<Unit filename="LICENSE.txt" />
		<Unit filename="Ninja.cpp" />
		<Unit filename="Ninja.hpp" />
		<Unit filename="Objects.cpp" />
		<Unit filename="Objects.hpp" />
		<Unit filename="Physics.cpp" />
		<Unit filename="Physics.hpp" />
		<Unit filename="Program.cpp" />
		<Unit filename="Program.hpp" />
		<Unit filename="README.md" />
		<Unit filename="Ramen.cpp" />
		<Unit filename="Ramen.hpp" />
		<Unit filename="Randomizer.cpp" />
		<Unit filename="Randomizer.hpp" />
		<Unit filename="Rooms.cpp" />
		<Unit filename="Rooms.hpp" />
		<Unit filename="Scene.cpp" />
		<Unit filename="Scene.hpp" />
		<Unit filename="StoryScene.cpp" />
		<Unit filename="StoryScene.hpp" />
		<Unit filename="WishList.txt" />
		<Unit filename="World.cpp" />
		<Unit filename="World.hpp" />
		<Extensions />
	</Project>
</CodeBlocks_project_file>
